
Microsoft Visual Studio Solution File, Format Version 12.00
# Visual Studio Version 16
VisualStudioVersion = 16.0.30711.63
MinimumVisualStudioVersion = 10.0.40219.1
Project("{FAE04EC0-301F-11D3-BF4B-00C04F79EFBC}") = "Auth0SignInASPNetCoreNuxt", "Auth0SignInASPNetCoreNuxt\Auth0SignInASPNetCoreNuxt.csproj", "{D8EEF0C5-3A57-420A-998D-84D06B1ADD57}"
EndProject
Global
	GlobalSection(SolutionConfigurationPlatforms) = preSolution
		Debug|Any CPU = Debug|Any CPU
		Release|Any CPU = Release|Any CPU
	EndGlobalSection
	GlobalSection(ProjectConfigurationPlatforms) = postSolution
		{D8EEF0C5-3A57-420A-998D-84D06B1ADD57}.Debug|Any CPU.ActiveCfg = Debug|Any CPU
		{D8EEF0C5-3A57-420A-998D-84D06B1ADD57}.Debug|Any CPU.Build.0 = Debug|Any CPU
		{D8EEF0C5-3A57-420A-998D-84D06B1ADD57}.Release|Any CPU.ActiveCfg = Release|Any CPU
		{D8EEF0C5-3A57-420A-998D-84D06B1ADD57}.Release|Any CPU.Build.0 = Release|Any CPU
	EndGlobalSection
	GlobalSection(SolutionProperties) = preSolution
		HideSolutionNode = FALSE
	EndGlobalSection
	GlobalSection(ExtensibilityGlobals) = postSolution
		SolutionGuid = {373556A2-4456-43E8-BABA-45B1C94BFFA7}
	EndGlobalSection
EndGlobal
